
Microsoft Visual Studio Solution File, Format Version 12.00
# Visual Studio Version 17
VisualStudioVersion = 17.14.36127.28
MinimumVisualStudioVersion = 10.0.40219.1
Project("{2150E333-8FDC-42A3-9474-1A3956D46DE8}") = "Services", "Services", "{02EA681E-C7D8-13C7-8484-4AC65E1B71E8}"
EndProject
Project("{2150E333-8FDC-42A3-9474-1A3956D46DE8}") = "Catalog", "Catalog", "{1EFBDE77-E2DA-42F4-BCBD-1CD19233D8AE}"
EndProject
Project("{FAE04EC0-301F-11D3-BF4B-00C04F79EFBC}") = "Catalog.API", "Services\Catalog\Catalog.API\Catalog.API.csproj", "{7036796B-E6A6-4C74-9B05-0341902AD66E}"
EndProject
Project("{2150E333-8FDC-42A3-9474-1A3956D46DE8}") = "BuildingBlocks", "BuildingBlocks", "{A5BB1E2C-BAE0-43D2-A6DF-125B0A6282A8}"
EndProject
Project("{FAE04EC0-301F-11D3-BF4B-00C04F79EFBC}") = "BuildingBlocks", "BuildingBlocks\BuildingBlocks\BuildingBlocks.csproj", "{37A4C38E-9A7C-449A-83D6-523A9BF0FC26}"
EndProject
Project("{E53339B2-1760-4266-BCC7-CA923CBCF16C}") = "docker-compose", "docker-compose.dcproj", "{81DDED9D-158B-E303-5F62-77A2896D2A5A}"
EndProject
Project("{2150E333-8FDC-42A3-9474-1A3956D46DE8}") = "Basket", "Basket", "{C35AABEE-E005-434B-91BA-98E9659EEF0E}"
EndProject
Project("{FAE04EC0-301F-11D3-BF4B-00C04F79EFBC}") = "Basket.API", "Services\Basket\Basket.API\Basket.API.csproj", "{13D3613E-ED3D-40C5-929A-DD6798315C61}"
EndProject
Project("{2150E333-8FDC-42A3-9474-1A3956D46DE8}") = "Discount", "Discount", "{BF281EA3-A24B-4020-A09A-DA258B939B4C}"
EndProject
Project("{FAE04EC0-301F-11D3-BF4B-00C04F79EFBC}") = "Discount.Grpc", "Services\Discount\Discount.Grpc\Discount.Grpc.csproj", "{9EA69230-746B-4576-825E-32FFE962A31A}"
EndProject
Project("{2150E333-8FDC-42A3-9474-1A3956D46DE8}") = "Ordering", "Ordering", "{CFD8CA4A-4EDD-4C58-93F8-9952DF2E6448}"
EndProject
Project("{FAE04EC0-301F-11D3-BF4B-00C04F79EFBC}") = "Ordering.API", "Services\Ordering\Ordering.API\Ordering.API.csproj", "{BD5BCDFC-BF1E-45B9-AC9F-378786270586}"
EndProject
Project("{FAE04EC0-301F-11D3-BF4B-00C04F79EFBC}") = "Ordering.Application", "Services\Ordering\Ordering.Application\Ordering.Application.csproj", "{0D72C0B3-E4BC-4825-AAFC-B4C4F13D8312}"
EndProject
Project("{FAE04EC0-301F-11D3-BF4B-00C04F79EFBC}") = "Ordering.Infrastructure", "Services\Ordering\Ordering.Infrastructure\Ordering.Infrastructure.csproj", "{21162F88-CD12-4183-8646-A72CB1116402}"
EndProject
Project("{FAE04EC0-301F-11D3-BF4B-00C04F79EFBC}") = "Ordering.Domain", "Services\Ordering\Ordering.Domain\Ordering.Domain.csproj", "{9DAB9040-AF83-4F00-85D6-6172E196667F}"
EndProject
Project("{FAE04EC0-301F-11D3-BF4B-00C04F79EFBC}") = "BuildingBlocks.Messaging", "BuildingBlocks\BuildingBlocks.Messaging\BuildingBlocks.Messaging.csproj", "{6AC5D5DB-0B63-4029-9A17-1A9229BB4DFD}"
EndProject
Project("{2150E333-8FDC-42A3-9474-1A3956D46DE8}") = "APIGateways", "APIGateways", "{DC360547-167A-452C-95F3-A03721E665B0}"
EndProject
Project("{FAE04EC0-301F-11D3-BF4B-00C04F79EFBC}") = "YarpAPIGateway", "APIGateways\YarpAPIGateway\YarpAPIGateway.csproj", "{98363979-7822-4FE2-8175-AED61C17EA5D}"
EndProject
Global
	GlobalSection(SolutionConfigurationPlatforms) = preSolution
		Debug|Any CPU = Debug|Any CPU
		Release|Any CPU = Release|Any CPU
	EndGlobalSection
	GlobalSection(ProjectConfigurationPlatforms) = postSolution
		{7036796B-E6A6-4C74-9B05-0341902AD66E}.Debug|Any CPU.ActiveCfg = Debug|Any CPU
		{7036796B-E6A6-4C74-9B05-0341902AD66E}.Debug|Any CPU.Build.0 = Debug|Any CPU
		{7036796B-E6A6-4C74-9B05-0341902AD66E}.Release|Any CPU.ActiveCfg = Release|Any CPU
		{7036796B-E6A6-4C74-9B05-0341902AD66E}.Release|Any CPU.Build.0 = Release|Any CPU
		{37A4C38E-9A7C-449A-83D6-523A9BF0FC26}.Debug|Any CPU.ActiveCfg = Debug|Any CPU
		{37A4C38E-9A7C-449A-83D6-523A9BF0FC26}.Debug|Any CPU.Build.0 = Debug|Any CPU
		{37A4C38E-9A7C-449A-83D6-523A9BF0FC26}.Release|Any CPU.ActiveCfg = Release|Any CPU
		{37A4C38E-9A7C-449A-83D6-523A9BF0FC26}.Release|Any CPU.Build.0 = Release|Any CPU
		{81DDED9D-158B-E303-5F62-77A2896D2A5A}.Debug|Any CPU.ActiveCfg = Debug|Any CPU
		{81DDED9D-158B-E303-5F62-77A2896D2A5A}.Debug|Any CPU.Build.0 = Debug|Any CPU
		{81DDED9D-158B-E303-5F62-77A2896D2A5A}.Release|Any CPU.ActiveCfg = Release|Any CPU
		{81DDED9D-158B-E303-5F62-77A2896D2A5A}.Release|Any CPU.Build.0 = Release|Any CPU
		{13D3613E-ED3D-40C5-929A-DD6798315C61}.Debug|Any CPU.ActiveCfg = Debug|Any CPU
		{13D3613E-ED3D-40C5-929A-DD6798315C61}.Debug|Any CPU.Build.0 = Debug|Any CPU
		{13D3613E-ED3D-40C5-929A-DD6798315C61}.Release|Any CPU.ActiveCfg = Release|Any CPU
		{13D3613E-ED3D-40C5-929A-DD6798315C61}.Release|Any CPU.Build.0 = Release|Any CPU
		{9EA69230-746B-4576-825E-32FFE962A31A}.Debug|Any CPU.ActiveCfg = Debug|Any CPU
		{9EA69230-746B-4576-825E-32FFE962A31A}.Debug|Any CPU.Build.0 = Debug|Any CPU
		{9EA69230-746B-4576-825E-32FFE962A31A}.Release|Any CPU.ActiveCfg = Release|Any CPU
		{9EA69230-746B-4576-825E-32FFE962A31A}.Release|Any CPU.Build.0 = Release|Any CPU
		{BD5BCDFC-BF1E-45B9-AC9F-378786270586}.Debug|Any CPU.ActiveCfg = Debug|Any CPU
		{BD5BCDFC-BF1E-45B9-AC9F-378786270586}.Debug|Any CPU.Build.0 = Debug|Any CPU
		{BD5BCDFC-BF1E-45B9-AC9F-378786270586}.Release|Any CPU.ActiveCfg = Release|Any CPU
		{BD5BCDFC-BF1E-45B9-AC9F-378786270586}.Release|Any CPU.Build.0 = Release|Any CPU
		{0D72C0B3-E4BC-4825-AAFC-B4C4F13D8312}.Debug|Any CPU.ActiveCfg = Debug|Any CPU
		{0D72C0B3-E4BC-4825-AAFC-B4C4F13D8312}.Debug|Any CPU.Build.0 = Debug|Any CPU
		{0D72C0B3-E4BC-4825-AAFC-B4C4F13D8312}.Release|Any CPU.ActiveCfg = Release|Any CPU
		{0D72C0B3-E4BC-4825-AAFC-B4C4F13D8312}.Release|Any CPU.Build.0 = Release|Any CPU
		{21162F88-CD12-4183-8646-A72CB1116402}.Debug|Any CPU.ActiveCfg = Debug|Any CPU
		{21162F88-CD12-4183-8646-A72CB1116402}.Debug|Any CPU.Build.0 = Debug|Any CPU
		{21162F88-CD12-4183-8646-A72CB1116402}.Release|Any CPU.ActiveCfg = Release|Any CPU
		{21162F88-CD12-4183-8646-A72CB1116402}.Release|Any CPU.Build.0 = Release|Any CPU
		{9DAB9040-AF83-4F00-85D6-6172E196667F}.Debug|Any CPU.ActiveCfg = Debug|Any CPU
		{9DAB9040-AF83-4F00-85D6-6172E196667F}.Debug|Any CPU.Build.0 = Debug|Any CPU
		{9DAB9040-AF83-4F00-85D6-6172E196667F}.Release|Any CPU.ActiveCfg = Release|Any CPU
		{9DAB9040-AF83-4F00-85D6-6172E196667F}.Release|Any CPU.Build.0 = Release|Any CPU
		{6AC5D5DB-0B63-4029-9A17-1A9229BB4DFD}.Debug|Any CPU.ActiveCfg = Debug|Any CPU
		{6AC5D5DB-0B63-4029-9A17-1A9229BB4DFD}.Debug|Any CPU.Build.0 = Debug|Any CPU
		{6AC5D5DB-0B63-4029-9A17-1A9229BB4DFD}.Release|Any CPU.ActiveCfg = Release|Any CPU
		{6AC5D5DB-0B63-4029-9A17-1A9229BB4DFD}.Release|Any CPU.Build.0 = Release|Any CPU
		{98363979-7822-4FE2-8175-AED61C17EA5D}.Debug|Any CPU.ActiveCfg = Debug|Any CPU
		{98363979-7822-4FE2-8175-AED61C17EA5D}.Debug|Any CPU.Build.0 = Debug|Any CPU
		{98363979-7822-4FE2-8175-AED61C17EA5D}.Release|Any CPU.ActiveCfg = Release|Any CPU
		{98363979-7822-4FE2-8175-AED61C17EA5D}.Release|Any CPU.Build.0 = Release|Any CPU
	EndGlobalSection
	GlobalSection(SolutionProperties) = preSolution
		HideSolutionNode = FALSE
	EndGlobalSection
	GlobalSection(NestedProjects) = preSolution
		{1EFBDE77-E2DA-42F4-BCBD-1CD19233D8AE} = {02EA681E-C7D8-13C7-8484-4AC65E1B71E8}
		{7036796B-E6A6-4C74-9B05-0341902AD66E} = {1EFBDE77-E2DA-42F4-BCBD-1CD19233D8AE}
		{37A4C38E-9A7C-449A-83D6-523A9BF0FC26} = {A5BB1E2C-BAE0-43D2-A6DF-125B0A6282A8}
		{C35AABEE-E005-434B-91BA-98E9659EEF0E} = {02EA681E-C7D8-13C7-8484-4AC65E1B71E8}
		{13D3613E-ED3D-40C5-929A-DD6798315C61} = {C35AABEE-E005-434B-91BA-98E9659EEF0E}
		{BF281EA3-A24B-4020-A09A-DA258B939B4C} = {02EA681E-C7D8-13C7-8484-4AC65E1B71E8}
		{9EA69230-746B-4576-825E-32FFE962A31A} = {BF281EA3-A24B-4020-A09A-DA258B939B4C}
		{CFD8CA4A-4EDD-4C58-93F8-9952DF2E6448} = {02EA681E-C7D8-13C7-8484-4AC65E1B71E8}
		{BD5BCDFC-BF1E-45B9-AC9F-378786270586} = {CFD8CA4A-4EDD-4C58-93F8-9952DF2E6448}
		{0D72C0B3-E4BC-4825-AAFC-B4C4F13D8312} = {CFD8CA4A-4EDD-4C58-93F8-9952DF2E6448}
		{21162F88-CD12-4183-8646-A72CB1116402} = {CFD8CA4A-4EDD-4C58-93F8-9952DF2E6448}
		{9DAB9040-AF83-4F00-85D6-6172E196667F} = {CFD8CA4A-4EDD-4C58-93F8-9952DF2E6448}
		{6AC5D5DB-0B63-4029-9A17-1A9229BB4DFD} = {A5BB1E2C-BAE0-43D2-A6DF-125B0A6282A8}
		{98363979-7822-4FE2-8175-AED61C17EA5D} = {DC360547-167A-452C-95F3-A03721E665B0}
	EndGlobalSection
	GlobalSection(ExtensibilityGlobals) = postSolution
		SolutionGuid = {1A83760E-68A7-4B95-94AC-79CA4DF5665B}
	EndGlobalSection
EndGlobal
